
Microsoft Visual Studio Solution File, Format Version 12.00
# Visual Studio Version 17
VisualStudioVersion = 17.5.002.0
MinimumVisualStudioVersion = 10.0.40219.1
Project("{9A19103F-16F7-4668-BE54-9A1E7A4F7556}") = "api", "api\api.csproj", "{F736E2CD-F8EC-46FD-A85B-F3EDA60DCFF0}"
EndProject
Project("{9A19103F-16F7-4668-BE54-9A1E7A4F7556}") = "tests", "tests\tests.csproj", "{A2364F61-093F-40AB-B807-BE599A763D3A}"
EndProject
Global
	GlobalSection(SolutionConfigurationPlatforms) = preSolution
		Debug|Any CPU = Debug|Any CPU
		Release|Any CPU = Release|Any CPU
	EndGlobalSection
	GlobalSection(ProjectConfigurationPlatforms) = postSolution
		{F736E2CD-F8EC-46FD-A85B-F3EDA60DCFF0}.Debug|Any CPU.ActiveCfg = Debug|Any CPU
		{F736E2CD-F8EC-46FD-A85B-F3EDA60DCFF0}.Debug|Any CPU.Build.0 = Debug|Any CPU
		{F736E2CD-F8EC-46FD-A85B-F3EDA60DCFF0}.Release|Any CPU.ActiveCfg = Release|Any CPU
		{F736E2CD-F8EC-46FD-A85B-F3EDA60DCFF0}.Release|Any CPU.Build.0 = Release|Any CPU
		{A2364F61-093F-40AB-B807-BE599A763D3A}.Debug|Any CPU.ActiveCfg = Debug|Any CPU
		{A2364F61-093F-40AB-B807-BE599A763D3A}.Debug|Any CPU.Build.0 = Debug|Any CPU
		{A2364F61-093F-40AB-B807-BE599A763D3A}.Release|Any CPU.ActiveCfg = Release|Any CPU
		{A2364F61-093F-40AB-B807-BE599A763D3A}.Release|Any CPU.Build.0 = Release|Any CPU
	EndGlobalSection
	GlobalSection(SolutionProperties) = preSolution
		HideSolutionNode = FALSE
	EndGlobalSection
	GlobalSection(ExtensibilityGlobals) = postSolution
		SolutionGuid = {65F644B8-E6F8-4869-A926-3099F635592E}
	EndGlobalSection
EndGlobal
